
Microsoft Visual Studio Solution File, Format Version 12.00
# Visual Studio Version 16
VisualStudioVersion = 16.0.33920.266
MinimumVisualStudioVersion = 10.0.40219.1
Project("{FAE04EC0-301F-11D3-BF4B-00C04F79EFBC}") = "list proper", "list proper\list proper.csproj", "{277BC988-DA53-4F69-89D1-03096DCF88AD}"
EndProject
Global
	GlobalSection(SolutionConfigurationPlatforms) = preSolution
		Debug|Any CPU = Debug|Any CPU
		Release|Any CPU = Release|Any CPU
	EndGlobalSection
	GlobalSection(ProjectConfigurationPlatforms) = postSolution
		{277BC988-DA53-4F69-89D1-03096DCF88AD}.Debug|Any CPU.ActiveCfg = Debug|Any CPU
		{277BC988-DA53-4F69-89D1-03096DCF88AD}.Debug|Any CPU.Build.0 = Debug|Any CPU
		{277BC988-DA53-4F69-89D1-03096DCF88AD}.Release|Any CPU.ActiveCfg = Release|Any CPU
		{277BC988-DA53-4F69-89D1-03096DCF88AD}.Release|Any CPU.Build.0 = Release|Any CPU
	EndGlobalSection
	GlobalSection(SolutionProperties) = preSolution
		HideSolutionNode = FALSE
	EndGlobalSection
	GlobalSection(ExtensibilityGlobals) = postSolution
		SolutionGuid = {201861A1-7FCC-4F71-B1A5-420270CF3A49}
	EndGlobalSection
EndGlobal
